
Microsoft Visual Studio Solution File, Format Version 12.00
# Visual Studio 14
VisualStudioVersion = 14.0.23107.0
MinimumVisualStudioVersion = 10.0.40219.1
Project("{FAE04EC0-301F-11D3-BF4B-00C04F79EFBC}") = "Calculator", "Calculator\Calculator.csproj", "{845F9F6E-A09B-4E90-B4A5-32FDA53B3B4F}"
EndProject
Project("{FAE04EC0-301F-11D3-BF4B-00C04F79EFBC}") = "CalculatorTests", "CalculatorTests\CalculatorTests.csproj", "{72B0DF39-B9A3-4DB2-972E-9B7B44C2E2C5}"
EndProject
Global
	GlobalSection(SolutionConfigurationPlatforms) = preSolution
		Debug|Any CPU = Debug|Any CPU
		Release|Any CPU = Release|Any CPU
	EndGlobalSection
	GlobalSection(ProjectConfigurationPlatforms) = postSolution
		{845F9F6E-A09B-4E90-B4A5-32FDA53B3B4F}.Debug|Any CPU.ActiveCfg = Debug|Any CPU
		{845F9F6E-A09B-4E90-B4A5-32FDA53B3B4F}.Debug|Any CPU.Build.0 = Debug|Any CPU
		{845F9F6E-A09B-4E90-B4A5-32FDA53B3B4F}.Release|Any CPU.ActiveCfg = Release|Any CPU
		{845F9F6E-A09B-4E90-B4A5-32FDA53B3B4F}.Release|Any CPU.Build.0 = Release|Any CPU
		{72B0DF39-B9A3-4DB2-972E-9B7B44C2E2C5}.Debug|Any CPU.ActiveCfg = Debug|Any CPU
		{72B0DF39-B9A3-4DB2-972E-9B7B44C2E2C5}.Debug|Any CPU.Build.0 = Debug|Any CPU
		{72B0DF39-B9A3-4DB2-972E-9B7B44C2E2C5}.Release|Any CPU.ActiveCfg = Release|Any CPU
		{72B0DF39-B9A3-4DB2-972E-9B7B44C2E2C5}.Release|Any CPU.Build.0 = Release|Any CPU
	EndGlobalSection
	GlobalSection(SolutionProperties) = preSolution
		HideSolutionNode = FALSE
	EndGlobalSection
EndGlobal
